
Microsoft Visual Studio Solution File, Format Version 12.00
# Visual Studio 14
VisualStudioVersion = 14.0.25123.0
MinimumVisualStudioVersion = 10.0.40219.1
Project("{2150E333-8FDC-42A3-9474-1A3956D46DE8}") = "src", "src", "{848761C2-4B6B-4F3C-A406-BA9D4F860052}"
EndProject
Project("{2150E333-8FDC-42A3-9474-1A3956D46DE8}") = "Solution Items", "Solution Items", "{4FB8A764-6A7C-404E-BC30-11AAF8640364}"
	ProjectSection(SolutionItems) = preProject
		global.json = global.json
	EndProjectSection
EndProject
Project("{8BB2217D-0F2D-49D1-97BC-3654ED321F3B}") = "DemoWebApp", "src\DemoWebApp\DemoWebApp.xproj", "{E155A865-7484-4212-BF78-1FBF093088DA}"
EndProject
Global
	GlobalSection(SolutionConfigurationPlatforms) = preSolution
		Debug|Any CPU = Debug|Any CPU
		Release|Any CPU = Release|Any CPU
	EndGlobalSection
	GlobalSection(ProjectConfigurationPlatforms) = postSolution
		{E155A865-7484-4212-BF78-1FBF093088DA}.Debug|Any CPU.ActiveCfg = Debug|Any CPU
		{E155A865-7484-4212-BF78-1FBF093088DA}.Debug|Any CPU.Build.0 = Debug|Any CPU
		{E155A865-7484-4212-BF78-1FBF093088DA}.Release|Any CPU.ActiveCfg = Release|Any CPU
		{E155A865-7484-4212-BF78-1FBF093088DA}.Release|Any CPU.Build.0 = Release|Any CPU
	EndGlobalSection
	GlobalSection(SolutionProperties) = preSolution
		HideSolutionNode = FALSE
	EndGlobalSection
	GlobalSection(NestedProjects) = preSolution
		{E155A865-7484-4212-BF78-1FBF093088DA} = {848761C2-4B6B-4F3C-A406-BA9D4F860052}
	EndGlobalSection
EndGlobal
